speakeasyVersion: 1.637.0
sources:
    Daydream API Documentation:
        sourceNamespace: daydream-api-documentation
        sourceRevisionDigest: sha256:0fee6a3c6a503d75987497abf47b7049cdeaef050a8a05f8288e545594197df6
        sourceBlobDigest: sha256:98473bc0890fef73b702f57cf9d6f45c03b1ad25e60985d922fb9a7ed74d76a2
        tags:
            - latest
            - speakeasy-sdk-regen-1758696822
            - 1.0.0
targets:
    daydream-test:
        source: Daydream API Documentation
        sourceNamespace: daydream-api-documentation
        sourceRevisionDigest: sha256:0fee6a3c6a503d75987497abf47b7049cdeaef050a8a05f8288e545594197df6
        sourceBlobDigest: sha256:98473bc0890fef73b702f57cf9d6f45c03b1ad25e60985d922fb9a7ed74d76a2
        codeSamplesNamespace: daydream-api-documentation-typescript-code-samples
        codeSamplesRevisionDigest: sha256:5a18c1ce0bee59fa114b72513af23d46d521fb44339c1bd3ac7d054b9cbab4a8
workflow:
    workflowVersion: 1.0.0
    speakeasyVersion: latest
    sources:
        Daydream API Documentation:
            inputs:
                - location: openapi/openapi.public.json
            output: .speakeasy/out.openapi.yaml
            registry:
                location: registry.speakeasyapi.dev/livepeer-jw/livepeer/daydream-api-documentation
    targets:
        daydream-test:
            target: typescript
            source: Daydream API Documentation
            publish:
                npm:
                    token: $npm_token
            codeSamples:
                registry:
                    location: registry.speakeasyapi.dev/livepeer-jw/livepeer/daydream-api-documentation-typescript-code-samples
                labelOverride:
                    fixedValue: Typescript (SDK)
                blocking: false
