speakeasyVersion: 1.788.1
sources:
    Daydream API Documentation:
        sourceNamespace: daydream-api-documentation
        sourceRevisionDigest: sha256:2e0d35d529a639771306813c9ceaaadd0410448270a312e898a7eb441a1dda3e
        sourceBlobDigest: sha256:c5d6bf58d8d3045c0aa377f8c84f7fdd5013a8fc2ccf48135b2fe6efb93ec0c8
        tags:
            - latest
            - 1.0.0
targets:
    daydream-test:
        source: Daydream API Documentation
        sourceNamespace: daydream-api-documentation
        sourceRevisionDigest: sha256:2e0d35d529a639771306813c9ceaaadd0410448270a312e898a7eb441a1dda3e
        sourceBlobDigest: sha256:c5d6bf58d8d3045c0aa377f8c84f7fdd5013a8fc2ccf48135b2fe6efb93ec0c8
        codeSamplesNamespace: daydream-api-documentation-typescript-code-samples
        codeSamplesRevisionDigest: sha256:5a18c1ce0bee59fa114b72513af23d46d521fb44339c1bd3ac7d054b9cbab4a8
workflow:
    workflowVersion: 1.0.0
    speakeasyVersion: latest
    sources:
        Daydream API Documentation:
            inputs:
                - location: openapi/openapi.public.json
            output: .speakeasy/out.openapi.yaml
            registry:
                location: registry.speakeasyapi.dev/livepeer-jw/livepeer/daydream-api-documentation
    targets:
        daydream-test:
            target: typescript
            source: Daydream API Documentation
            publish:
                npm:
                    token: $npm_token
            codeSamples:
                registry:
                    location: registry.speakeasyapi.dev/livepeer-jw/livepeer/daydream-api-documentation-typescript-code-samples
                labelOverride:
                    fixedValue: Typescript (SDK)
                blocking: false
